
Microsoft Visual Studio Solution File, Format Version 12.00
# Visual Studio Version 17
VisualStudioVersion = 17.10.35013.160
MinimumVisualStudioVersion = 10.0.40219.1
Project("{FAE04EC0-301F-11D3-BF4B-00C04F79EFBC}") = "TicTacToe", "TicTacToe.csproj", "{693EA397-51AC-4C63-9D2F-B849EA31A062}"
EndProject
Global
	GlobalSection(SolutionConfigurationPlatforms) = preSolution
		Debug|Any CPU = Debug|Any CPU
		Release|Any CPU = Release|Any CPU
	EndGlobalSection
	GlobalSection(ProjectConfigurationPlatforms) = postSolution
		{693EA397-51AC-4C63-9D2F-B849EA31A062}.Debug|Any CPU.ActiveCfg = Debug|Any CPU
		{693EA397-51AC-4C63-9D2F-B849EA31A062}.Debug|Any CPU.Build.0 = Debug|Any CPU
		{693EA397-51AC-4C63-9D2F-B849EA31A062}.Release|Any CPU.ActiveCfg = Release|Any CPU
		{693EA397-51AC-4C63-9D2F-B849EA31A062}.Release|Any CPU.Build.0 = Release|Any CPU
	EndGlobalSection
	GlobalSection(SolutionProperties) = preSolution
		HideSolutionNode = FALSE
	EndGlobalSection
	GlobalSection(ExtensibilityGlobals) = postSolution
		SolutionGuid = {CB8C803A-5375-43B6-9BC3-1E49A3FF090C}
	EndGlobalSection
EndGlobal
